
Microsoft Visual Studio Solution File, Format Version 12.00
# Visual Studio Version 16
VisualStudioVersion = 16.0.29709.97
MinimumVisualStudioVersion = 10.0.40219.1
Project("{FAE04EC0-301F-11D3-BF4B-00C04F79EFBC}") = "CourseInfoAPI", "CourseInfoAPI\CourseInfoAPI.csproj", "{ED1D6CAB-1D44-4A84-AB20-9D3FF6F1EB19}"
EndProject
Global
	GlobalSection(SolutionConfigurationPlatforms) = preSolution
		Debug|Any CPU = Debug|Any CPU
		Release|Any CPU = Release|Any CPU
	EndGlobalSection
	GlobalSection(ProjectConfigurationPlatforms) = postSolution
		{ED1D6CAB-1D44-4A84-AB20-9D3FF6F1EB19}.Debug|Any CPU.ActiveCfg = Debug|Any CPU
		{ED1D6CAB-1D44-4A84-AB20-9D3FF6F1EB19}.Debug|Any CPU.Build.0 = Debug|Any CPU
		{ED1D6CAB-1D44-4A84-AB20-9D3FF6F1EB19}.Release|Any CPU.ActiveCfg = Release|Any CPU
		{ED1D6CAB-1D44-4A84-AB20-9D3FF6F1EB19}.Release|Any CPU.Build.0 = Release|Any CPU
	EndGlobalSection
	GlobalSection(SolutionProperties) = preSolution
		HideSolutionNode = FALSE
	EndGlobalSection
	GlobalSection(ExtensibilityGlobals) = postSolution
		SolutionGuid = {C9DC499E-0128-4905-94CA-05F71FC0439A}
	EndGlobalSection
EndGlobal
